PODS:
  - Capacitor (7.4.4):
    - CapacitorCordova
  - CapacitorCordova (7.4.4)
  - CapacitorPreferences (7.0.2):
    - Capacitor
  - CapacitorStatusBar (7.0.3):
    - Capacitor

DEPENDENCIES:
  - "Capacitor (from `../../node_modules/@capacitor/ios`)"
  - "CapacitorCordova (from `../../node_modules/@capacitor/ios`)"
  - "CapacitorPreferences (from `../../node_modules/@capacitor/preferences`)"
  - "CapacitorStatusBar (from `../../node_modules/@capacitor/status-bar`)"

EXTERNAL SOURCES:
  Capacitor:
    :path: "../../node_modules/@capacitor/ios"
  CapacitorCordova:
    :path: "../../node_modules/@capacitor/ios"
  CapacitorPreferences:
    :path: "../../node_modules/@capacitor/preferences"
  CapacitorStatusBar:
    :path: "../../node_modules/@capacitor/status-bar"

SPEC CHECKSUMS:
  Capacitor: 358dd1c3fdd71d969547b17e159fd8a7736cb45f
  CapacitorCordova: bf648a636f3c153f652d312ae145fb508b6ffced
  CapacitorPreferences: 65107ed7437d96ee72583df5763985e3c0ff2bc2
  CapacitorStatusBar: 0659ddc7b1713764a05831463d215b177a15d054

PODFILE CHECKSUM: 5e5d09d051d3475c0983440838145d6dc06facac

COCOAPODS: 1.16.2
